{
  "name": "ats-http",
  "version": "1.0.0",
  "lockfileVersion": 1,
  "requires": true,
  "dependencies": {
    "ats-channel": {
      "version": "git+http://ubuntu-netfu.lan:3000/randy.valis/ats-channel.git#c829f6618b3dfbb9aec6afdc6b2e235b173ad61f",
      "from": "git+http://ubuntu-netfu.lan:3000/randy.valis/ats-channel.git"
    },
    "ats-epoll": {
      "version": "git+http://ubuntu-netfu:3000/randy.valis/ats-epoll#cc35e8da060103ef08dff58e3bbe65223f1dda1c",
      "from": "git+http://ubuntu-netfu:3000/randy.valis/ats-epoll",
      "requires": {
        "ats-pthread-extensions": "git+http://ubuntu-netfu.lan:3000/randy.valis/ats-pthread-extensions.git",
        "ats-threadpool": "git+http://ubuntu-netfu:3000/randy.valis/ats-threadpool",
        "shared_vt": "git+http://ubuntu-netfu:3000/randy.valis/shared_vt"
      }
    },
    "ats-libz": {
      "version": "git+http://ubuntu-netfu:3000/randy.valis/ats-libz#09628b8faad1459e3a7db4f320dd14434f2d5033",
      "from": "git+http://ubuntu-netfu:3000/randy.valis/ats-libz"
    },
    "ats-pthread-extensions": {
      "version": "git+http://ubuntu-netfu.lan:3000/randy.valis/ats-pthread-extensions.git#75a62e0d10b1584d145ce271e8089bae95a5b803",
      "from": "git+http://ubuntu-netfu.lan:3000/randy.valis/ats-pthread-extensions.git"
    },
    "ats-sqlite3": {
      "version": "git+http://ubuntu-netfu:3000/randy.valis/ats-sqlite3#6b099b1f8ab8c3b01930ab1aa727ad14c69f0e4d",
      "from": "git+http://ubuntu-netfu:3000/randy.valis/ats-sqlite3"
    },
    "ats-threadpool": {
      "version": "git+http://ubuntu-netfu:3000/randy.valis/ats-threadpool#7ba26a89070a52a2fb21310985ff0e2a1be0fc35",
      "from": "git+http://ubuntu-netfu:3000/randy.valis/ats-threadpool",
      "requires": {
        "ats-channel": "git+http://ubuntu-netfu.lan:3000/randy.valis/ats-channel.git",
        "shared_vt": "git+http://ubuntu-netfu.lan:3000/randy.valis/shared_vt.git"
      },
      "dependencies": {
        "shared_vt": {
          "version": "git+http://ubuntu-netfu.lan:3000/randy.valis/shared_vt.git#2a1263615f7c5469fe29621b21d8d3163b9bfe18",
          "from": "git+http://ubuntu-netfu.lan:3000/randy.valis/shared_vt.git"
        }
      }
    },
    "hashtable-vt": {
      "version": "git+http://ubuntu-netfu:3000/randy.valis/ats-hashtable-vt#6ba190233179087d0d9fb56453d3a1886bf8e573",
      "from": "git+http://ubuntu-netfu:3000/randy.valis/ats-hashtable-vt",
      "requires": {
        "linmap-list-vt": "git+http://ubuntu-netfu:3000/randy.valis/ats-linmap-list-vt"
      }
    },
    "linmap-list-vt": {
      "version": "git+http://ubuntu-netfu:3000/randy.valis/ats-linmap-list-vt#5bfa8821cd5f7bc8fe932f692b9544c8d775354e",
      "from": "git+http://ubuntu-netfu:3000/randy.valis/ats-linmap-list-vt"
    },
    "shared_vt": {
      "version": "git+http://ubuntu-netfu:3000/randy.valis/shared_vt#2a1263615f7c5469fe29621b21d8d3163b9bfe18",
      "from": "git+http://ubuntu-netfu:3000/randy.valis/shared_vt"
    }
  }
}
