{
  "name": "ats-http",
  "version": "1.0.0",
  "lockfileVersion": 1,
  "requires": true,
  "dependencies": {
    "ats-channel": {
      "version": "git+https://github.com/xran-deex/ats-channel.git#797c35b40065320e4d181c1dd14ba4bee610d9bf",
      "from": "git+https://github.com/xran-deex/ats-channel.git#v0.1.0"
    },
    "ats-epoll": {
      "version": "git+https://github.com/xran-deex/ats-epoll.git#b240fe130db683b0140101aff697ce8424a8ff61",
      "from": "git+https://github.com/xran-deex/ats-epoll.git#v0.1.0"
    },
    "ats-libz": {
      "version": "git+https://github.com/xran-deex/ats-libz.git#d5530f3c7e72f72047f594cee4b840a3e29abbd9",
      "from": "git+https://github.com/xran-deex/ats-libz.git"
    },
    "ats-pthread-extensions": {
      "version": "git+https://github.com/xran-deex/ats-pthread-extensions.git#6ed2fc4c398a1c46d3dcabf6897251225d3f7513",
      "from": "git+https://github.com/xran-deex/ats-pthread-extensions.git#v0.1.0"
    },
    "ats-shared-vt": {
      "version": "git+https://github.com/xran-deex/ats-shared-vt.git#22d94323b5b1e59965551afb7fd16f78ff928808",
      "from": "git+https://github.com/xran-deex/ats-shared-vt.git#v0.1.1"
    },
    "ats-threadpool": {
      "version": "git+https://github.com/xran-deex/ats-threadpool.git#f292a8d301afb102248a362a13e2af3ebe467cc7",
      "from": "git+https://github.com/xran-deex/ats-threadpool.git#v0.1.1",
      "requires": {
        "ats-channel": "git+https://github.com/xran-deex/ats-channel.git#v0.1.0",
        "ats-shared-vt": "git+https://github.com/xran-deex/ats-shared-vt.git#v0.1.1"
      }
    },
    "hashtable-vt": {
      "version": "git+https://github.com/xran-deex/ats-hashtable-vt.git#ec362ea9a336231334314125e3ce6018aa15a9a5",
      "from": "git+https://github.com/xran-deex/ats-hashtable-vt.git#v0.1.0",
      "requires": {
        "linmap-list-vt": "git+https://github.com/xran-deex/ats-linmap-list-vt.git#v0.1.0"
      }
    },
    "linmap-list-vt": {
      "version": "git+https://github.com/xran-deex/ats-linmap-list-vt.git#907a49b81951616b91108d41b0aaaa8843e2840f",
      "from": "git+https://github.com/xran-deex/ats-linmap-list-vt.git#v0.1.0"
    }
  }
}
