{
  "name": "tests",
  "version": "1.0.0",
  "lockfileVersion": 1,
  "requires": true,
  "dependencies": {
    "ats-sqlite3": {
      "version": "git+http://ubuntu-netfu:3000/randy.valis/ats-sqlite3#6b099b1f8ab8c3b01930ab1aa727ad14c69f0e4d",
      "from": "git+http://ubuntu-netfu:3000/randy.valis/ats-sqlite3"
    }
  }
}
